// !$*UTF8*$!
{
	archiveVersion = 1;
	classes = {
	};
	objectVersion = 46;
	objects = {

/* Begin PBXBuildFile section */
		D13A4133190A0D1F00368EE9 /* CustomControl.m in Sources */ = {isa = PBXBuildFile; fileRef = D13A4132190A0D1F00368EE9 /* CustomControl.m */; };
		D1A32F60190A919900D86A08 /* FirstCell@2x.png in Resources */ = {isa = PBXBuildFile; fileRef = D1A32F5F190A919900D86A08 /* FirstCell@2x.png */; };
		D1C481021909EE4B00241BA7 /* DisplayViewController.m in Sources */ = {isa = PBXBuildFile; fileRef = D1C481011909EE4B00241BA7 /* DisplayViewController.m */; };
		D1C481061909F98300241BA7 /* NavBar_TopPart@2x.png in Resources */ = {isa = PBXBuildFile; fileRef = D1C481051909F98300241BA7 /* NavBar_TopPart@2x.png */; };
		D1C4810A1909FA0800241BA7 /* NavBar_bottomPart@2x copy 2.png in Resources */ = {isa = PBXBuildFile; fileRef = D1C481091909FA0800241BA7 /* NavBar_bottomPart@2x copy 2.png */; };
		D1C4810C1909FA7B00241BA7 /* NavBar_middlePart@2x.png in Resources */ = {isa = PBXBuildFile; fileRef = D1C4810B1909FA7B00241BA7 /* NavBar_middlePart@2x.png */; };
		D1FEAF1B190992A300CA2C34 /* Foundation.framework in Frameworks */ = {isa = PBXBuildFile; fileRef = D1FEAF1A190992A300CA2C34 /* Foundation.framework */; };
		D1FEAF1D190992A300CA2C34 /* CoreGraphics.framework in Frameworks */ = {isa = PBXBuildFile; fileRef = D1FEAF1C190992A300CA2C34 /* CoreGraphics.framework */; };
		D1FEAF1F190992A300CA2C34 /* UIKit.framework in Frameworks */ = {isa = PBXBuildFile; fileRef = D1FEAF1E190992A300CA2C34 /* UIKit.framework */; };
		D1FEAF25190992A300CA2C34 /* InfoPlist.strings in Resources */ = {isa = PBXBuildFile; fileRef = D1FEAF23190992A300CA2C34 /* InfoPlist.strings */; };
		D1FEAF27190992A300CA2C34 /* main.m in Sources */ = {isa = PBXBuildFile; fileRef = D1FEAF26190992A300CA2C34 /* main.m */; };
		D1FEAF2B190992A300CA2C34 /* AppDelegate.m in Sources */ = {isa = PBXBuildFile; fileRef = D1FEAF2A190992A300CA2C34 /* AppDelegate.m */; };
		D1FEAF2E190992A300CA2C34 /* Main.storyboard in Resources */ = {isa = PBXBuildFile; fileRef = D1FEAF2C190992A300CA2C34 /* Main.storyboard */; };
		D1FEAF31190992A300CA2C34 /* ViewController.m in Sources */ = {isa = PBXBuildFile; fileRef = D1FEAF30190992A300CA2C34 /* ViewController.m */; };
		D1FEAF33190992A300CA2C34 /* Images.xcassets in Resources */ = {isa = PBXBuildFile; fileRef = D1FEAF32190992A300CA2C34 /* Images.xcassets */; };
		D1FEAF3A190992A300CA2C34 /* XCTest.framework in Frameworks */ = {isa = PBXBuildFile; fileRef = D1FEAF39190992A300CA2C34 /* XCTest.framework */; };
		D1FEAF3B190992A300CA2C34 /* Foundation.framework in Frameworks */ = {isa = PBXBuildFile; fileRef = D1FEAF1A190992A300CA2C34 /* Foundation.framework */; };
		D1FEAF3C190992A300CA2C34 /* UIKit.framework in Frameworks */ = {isa = PBXBuildFile; fileRef = D1FEAF1E190992A300CA2C34 /* UIKit.framework */; };
		D1FEAF44190992A300CA2C34 /* InfoPlist.strings in Resources */ = {isa = PBXBuildFile; fileRef = D1FEAF42190992A300CA2C34 /* InfoPlist.strings */; };
		D1FEAF46190992A300CA2C34 /* SampleMonsoonProjectTests.m in Sources */ = {isa = PBXBuildFile; fileRef = D1FEAF45190992A300CA2C34 /* SampleMonsoonProjectTests.m */; };
		D1FEAF6119099E8C00CA2C34 /* MON_searchIcon@2x.png in Resources */ = {isa = PBXBuildFile; fileRef = D1FEAF6019099E8C00CA2C34 /* MON_searchIcon@2x.png */; };
		D1FEAF6319099EE700CA2C34 /* MON_compassIcon@2x.png in Resources */ = {isa = PBXBuildFile; fileRef = D1FEAF6219099EE700CA2C34 /* MON_compassIcon@2x.png */; };
		D1FEAF6519099EEC00CA2C34 /* MON_menuIcon@2x.png in Resources */ = {isa = PBXBuildFile; fileRef = D1FEAF6419099EEC00CA2C34 /* MON_menuIcon@2x.png */; };
		D1FEAF6719099F0D00CA2C34 /* MON_calendarIcon@2x.png in Resources */ = {isa = PBXBuildFile; fileRef = D1FEAF6619099F0D00CA2C34 /* MON_calendarIcon@2x.png */; };
/* End PBXBuildFile section */

/* Begin PBXContainerItemProxy section */
		D1FEAF3D190992A300CA2C34 /* PBXContainerItemProxy */ = {
			isa = PBXContainerItemProxy;
			containerPortal = D1FEAF0F190992A300CA2C34 /* Project object */;
			proxyType = 1;
			remoteGlobalIDString = D1FEAF16190992A300CA2C34;
			remoteInfo = SampleMonsoonProject;
		};
/* End PBXContainerItemProxy section */

/* Begin PBXFileReference section */
		D13A4131190A0D1F00368EE9 /* CustomControl.h */ = {isa = PBXFileReference; fileEncoding = 4; lastKnownFileType = sourcecode.c.h; path = CustomControl.h; sourceTree = "<group>"; };
		D13A4132190A0D1F00368EE9 /* CustomControl.m */ = {isa = PBXFileReference; fileEncoding = 4; lastKnownFileType = sourcecode.c.objc; path = CustomControl.m; sourceTree = "<group>"; };
		D1A32F5F190A919900D86A08 /* FirstCell@2x.png */ = {isa = PBXFileReference; lastKnownFileType = image.png; path = "FirstCell@2x.png"; sourceTree = "<group>"; };
		D1C481001909EE4B00241BA7 /* DisplayViewController.h */ = {isa = PBXFileReference; fileEncoding = 4; lastKnownFileType = sourcecode.c.h; name = DisplayViewController.h; path = ../DisplayViewController.h; sourceTree = "<group>"; };
		D1C481011909EE4B00241BA7 /* DisplayViewController.m */ = {isa = PBXFileReference; fileEncoding = 4; lastKnownFileType = sourcecode.c.objc; name = DisplayViewController.m; path = ../DisplayViewController.m; sourceTree = "<group>"; };
		D1C481051909F98300241BA7 /* NavBar_TopPart@2x.png */ = {isa = PBXFileReference; lastKnownFileType = image.png; path = "NavBar_TopPart@2x.png"; sourceTree = "<group>"; };
		D1C481091909FA0800241BA7 /* NavBar_bottomPart@2x copy 2.png */ = {isa = PBXFileReference; lastKnownFileType = image.png; path = "NavBar_bottomPart@2x copy 2.png"; sourceTree = "<group>"; };
		D1C4810B1909FA7B00241BA7 /* NavBar_middlePart@2x.png */ = {isa = PBXFileReference; lastKnownFileType = image.png; path = "NavBar_middlePart@2x.png"; sourceTree = "<group>"; };
		D1FEAF17190992A300CA2C34 /* SampleMonsoonProject.app */ = {isa = PBXFileReference; explicitFileType = wrapper.application; includeInIndex = 0; path = SampleMonsoonProject.app; sourceTree = BUILT_PRODUCTS_DIR; };
		D1FEAF1A190992A300CA2C34 /* Foundation.framework */ = {isa = PBXFileReference; lastKnownFileType = wrapper.framework; name = Foundation.framework; path = System/Library/Frameworks/Foundation.framework; sourceTree = SDKROOT; };
		D1FEAF1C190992A300CA2C34 /* CoreGraphics.framework */ = {isa = PBXFileReference; lastKnownFileType = wrapper.framework; name = CoreGraphics.framework; path = System/Library/Frameworks/CoreGraphics.framework; sourceTree = SDKROOT; };
		D1FEAF1E190992A300CA2C34 /* UIKit.framework */ = {isa = PBXFileReference; lastKnownFileType = wrapper.framework; name = UIKit.framework; path = System/Library/Frameworks/UIKit.framework; sourceTree = SDKROOT; };
		D1FEAF22190992A300CA2C34 /* SampleMonsoonProject-Info.plist */ = {isa = PBXFileReference; lastKnownFileType = text.plist.xml; path = "SampleMonsoonProject-Info.plist"; sourceTree = "<group>"; };
		D1FEAF24190992A300CA2C34 /* en */ = {isa = PBXFileReference; lastKnownFileType = text.plist.strings; name = en; path = en.lproj/InfoPlist.strings; sourceTree = "<group>"; };
		D1FEAF26190992A300CA2C34 /* main.m */ = {isa = PBXFileReference; lastKnownFileType = sourcecode.c.objc; path = main.m; sourceTree = "<group>"; };
		D1FEAF28190992A300CA2C34 /* SampleMonsoonProject-Prefix.pch */ = {isa = PBXFileReference; lastKnownFileType = sourcecode.c.h; path = "SampleMonsoonProject-Prefix.pch"; sourceTree = "<group>"; };
		D1FEAF29190992A300CA2C34 /* AppDelegate.h */ = {isa = PBXFileReference; lastKnownFileType = sourcecode.c.h; path = AppDelegate.h; sourceTree = "<group>"; };
		D1FEAF2A190992A300CA2C34 /* AppDelegate.m */ = {isa = PBXFileReference; lastKnownFileType = sourcecode.c.objc; path = AppDelegate.m; sourceTree = "<group>"; };
		D1FEAF2D190992A300CA2C34 /* Base */ = {isa = PBXFileReference; lastKnownFileType = file.storyboard; name = Base; path = Base.lproj/Main.storyboard; sourceTree = "<group>"; };
		D1FEAF2F190992A300CA2C34 /* ViewController.h */ = {isa = PBXFileReference; lastKnownFileType = sourcecode.c.h; path = ViewController.h; sourceTree = "<group>"; };
		D1FEAF30190992A300CA2C34 /* ViewController.m */ = {isa = PBXFileReference; lastKnownFileType = sourcecode.c.objc; path = ViewController.m; sourceTree = "<group>"; };
		D1FEAF32190992A300CA2C34 /* Images.xcassets */ = {isa = PBXFileReference; lastKnownFileType = folder.assetcatalog; path = Images.xcassets; sourceTree = "<group>"; };
		D1FEAF38190992A300CA2C34 /* SampleMonsoonProjectTests.xctest */ = {isa = PBXFileReference; explicitFileType = wrapper.cfbundle; includeInIndex = 0; path = SampleMonsoonProjectTests.xctest; sourceTree = BUILT_PRODUCTS_DIR; };
		D1FEAF39190992A300CA2C34 /* XCTest.framework */ = {isa = PBXFileReference; lastKnownFileType = wrapper.framework; name = XCTest.framework; path = Library/Frameworks/XCTest.framework; sourceTree = DEVELOPER_DIR; };
		D1FEAF41190992A300CA2C34 /* SampleMonsoonProjectTests-Info.plist */ = {isa = PBXFileReference; lastKnownFileType = text.plist.xml; path = "SampleMonsoonProjectTests-Info.plist"; sourceTree = "<group>"; };
		D1FEAF43190992A300CA2C34 /* en */ = {isa = PBXFileReference; lastKnownFileType = text.plist.strings; name = en; path = en.lproj/InfoPlist.strings; sourceTree = "<group>"; };
		D1FEAF45190992A300CA2C34 /* SampleMonsoonProjectTests.m */ = {isa = PBXFileReference; lastKnownFileType = sourcecode.c.objc; path = SampleMonsoonProjectTests.m; sourceTree = "<group>"; };
		D1FEAF6019099E8C00CA2C34 /* MON_searchIcon@2x.png */ = {isa = PBXFileReference; lastKnownFileType = image.png; path = "MON_searchIcon@2x.png"; sourceTree = "<group>"; };
		D1FEAF6219099EE700CA2C34 /* MON_compassIcon@2x.png */ = {isa = PBXFileReference; lastKnownFileType = image.png; path = "MON_compassIcon@2x.png"; sourceTree = "<group>"; };
		D1FEAF6419099EEC00CA2C34 /* MON_menuIcon@2x.png */ = {isa = PBXFileReference; lastKnownFileType = image.png; path = "MON_menuIcon@2x.png"; sourceTree = "<group>"; };
		D1FEAF6619099F0D00CA2C34 /* MON_calendarIcon@2x.png */ = {isa = PBXFileReference; lastKnownFileType = image.png; path = "MON_calendarIcon@2x.png"; sourceTree = "<group>"; };
/* End PBXFileReference section */

/* Begin PBXFrameworksBuildPhase section */
		D1FEAF14190992A300CA2C34 /* Frameworks */ = {
			isa = PBXFrameworksBuildPhase;
			buildActionMask = 2147483647;
			files = (
				D1FEAF1D190992A300CA2C34 /* CoreGraphics.framework in Frameworks */,
				D1FEAF1F190992A300CA2C34 /* UIKit.framework in Frameworks */,
				D1FEAF1B190992A300CA2C34 /* Foundation.framework in Frameworks */,
			);
			runOnlyForDeploymentPostprocessing = 0;
		};
		D1FEAF35190992A300CA2C34 /* Frameworks */ = {
			isa = PBXFrameworksBuildPhase;
			buildActionMask = 2147483647;
			files = (
				D1FEAF3A190992A300CA2C34 /* XCTest.framework in Frameworks */,
				D1FEAF3C190992A300CA2C34 /* UIKit.framework in Frameworks */,
				D1FEAF3B190992A300CA2C34 /* Foundation.framework in Frameworks */,
			);
			runOnlyForDeploymentPostprocessing = 0;
		};
/* End PBXFrameworksBuildPhase section */

/* Begin PBXGroup section */
		D1FEAF0E190992A300CA2C34 = {
			isa = PBXGroup;
			children = (
				D1FEAF20190992A300CA2C34 /* SampleMonsoonProject */,
				D1FEAF3F190992A300CA2C34 /* SampleMonsoonProjectTests */,
				D1FEAF19190992A300CA2C34 /* Frameworks */,
				D1FEAF18190992A300CA2C34 /* Products */,
			);
			sourceTree = "<group>";
		};
		D1FEAF18190992A300CA2C34 /* Products */ = {
			isa = PBXGroup;
			children = (
				D1FEAF17190992A300CA2C34 /* SampleMonsoonProject.app */,
				D1FEAF38190992A300CA2C34 /* SampleMonsoonProjectTests.xctest */,
			);
			name = Products;
			sourceTree = "<group>";
		};
		D1FEAF19190992A300CA2C34 /* Frameworks */ = {
			isa = PBXGroup;
			children = (
				D1FEAF1A190992A300CA2C34 /* Foundation.framework */,
				D1FEAF1C190992A300CA2C34 /* CoreGraphics.framework */,
				D1FEAF1E190992A300CA2C34 /* UIKit.framework */,
				D1FEAF39190992A300CA2C34 /* XCTest.framework */,
			);
			name = Frameworks;
			sourceTree = "<group>";
		};
		D1FEAF20190992A300CA2C34 /* SampleMonsoonProject */ = {
			isa = PBXGroup;
			children = (
				D1FEAF29190992A300CA2C34 /* AppDelegate.h */,
				D1FEAF2A190992A300CA2C34 /* AppDelegate.m */,
				D1C481001909EE4B00241BA7 /* DisplayViewController.h */,
				D1C481011909EE4B00241BA7 /* DisplayViewController.m */,
				D13A4131190A0D1F00368EE9 /* CustomControl.h */,
				D13A4132190A0D1F00368EE9 /* CustomControl.m */,
				D1FEAF2C190992A300CA2C34 /* Main.storyboard */,
				D1FEAF511909943B00CA2C34 /* Images */,
				D1FEAF2F190992A300CA2C34 /* ViewController.h */,
				D1FEAF30190992A300CA2C34 /* ViewController.m */,
				D1FEAF32190992A300CA2C34 /* Images.xcassets */,
				D1FEAF21190992A300CA2C34 /* Supporting Files */,
			);
			path = SampleMonsoonProject;
			sourceTree = "<group>";
		};
		D1FEAF21190992A300CA2C34 /* Supporting Files */ = {
			isa = PBXGroup;
			children = (
				D1FEAF22190992A300CA2C34 /* SampleMonsoonProject-Info.plist */,
				D1FEAF23190992A300CA2C34 /* InfoPlist.strings */,
				D1FEAF26190992A300CA2C34 /* main.m */,
				D1FEAF28190992A300CA2C34 /* SampleMonsoonProject-Prefix.pch */,
			);
			name = "Supporting Files";
			sourceTree = "<group>";
		};
		D1FEAF3F190992A300CA2C34 /* SampleMonsoonProjectTests */ = {
			isa = PBXGroup;
			children = (
				D1FEAF45190992A300CA2C34 /* SampleMonsoonProjectTests.m */,
				D1FEAF40190992A300CA2C34 /* Supporting Files */,
			);
			path = SampleMonsoonProjectTests;
			sourceTree = "<group>";
		};
		D1FEAF40190992A300CA2C34 /* Supporting Files */ = {
			isa = PBXGroup;
			children = (
				D1FEAF41190992A300CA2C34 /* SampleMonsoonProjectTests-Info.plist */,
				D1FEAF42190992A300CA2C34 /* InfoPlist.strings */,
			);
			name = "Supporting Files";
			sourceTree = "<group>";
		};
		D1FEAF511909943B00CA2C34 /* Images */ = {
			isa = PBXGroup;
			children = (
				D1A32F5F190A919900D86A08 /* FirstCell@2x.png */,
				D1C4810B1909FA7B00241BA7 /* NavBar_middlePart@2x.png */,
				D1C481091909FA0800241BA7 /* NavBar_bottomPart@2x copy 2.png */,
				D1FEAF6419099EEC00CA2C34 /* MON_menuIcon@2x.png */,
				D1C481051909F98300241BA7 /* NavBar_TopPart@2x.png */,
				D1FEAF6619099F0D00CA2C34 /* MON_calendarIcon@2x.png */,
				D1FEAF6219099EE700CA2C34 /* MON_compassIcon@2x.png */,
				D1FEAF6019099E8C00CA2C34 /* MON_searchIcon@2x.png */,
			);
			name = Images;
			sourceTree = "<group>";
		};
/* End PBXGroup section */

/* Begin PBXNativeTarget section */
		D1FEAF16190992A300CA2C34 /* SampleMonsoonProject */ = {
			isa = PBXNativeTarget;
			buildConfigurationList = D1FEAF49190992A400CA2C34 /* Build configuration list for PBXNativeTarget "SampleMonsoonProject" */;
			buildPhases = (
				D1FEAF13190992A300CA2C34 /* Sources */,
				D1FEAF14190992A300CA2C34 /* Frameworks */,
				D1FEAF15190992A300CA2C34 /* Resources */,
			);
			buildRules = (
			);
			dependencies = (
			);
			name = SampleMonsoonProject;
			productName = SampleMonsoonProject;
			productReference = D1FEAF17190992A300CA2C34 /* SampleMonsoonProject.app */;
			productType = "com.apple.product-type.application";
		};
		D1FEAF37190992A300CA2C34 /* SampleMonsoonProjectTests */ = {
			isa = PBXNativeTarget;
			buildConfigurationList = D1FEAF4C190992A400CA2C34 /* Build configuration list for PBXNativeTarget "SampleMonsoonProjectTests" */;
			buildPhases = (
				D1FEAF34190992A300CA2C34 /* Sources */,
				D1FEAF35190992A300CA2C34 /* Frameworks */,
				D1FEAF36190992A300CA2C34 /* Resources */,
			);
			buildRules = (
			);
			dependencies = (
				D1FEAF3E190992A300CA2C34 /* PBXTargetDependency */,
			);
			name = SampleMonsoonProjectTests;
			productName = SampleMonsoonProjectTests;
			productReference = D1FEAF38190992A300CA2C34 /* SampleMonsoonProjectTests.xctest */;
			productType = "com.apple.product-type.bundle.unit-test";
		};
/* End PBXNativeTarget section */

/* Begin PBXProject section */
		D1FEAF0F190992A300CA2C34 /* Project object */ = {
			isa = PBXProject;
			attributes = {
				LastUpgradeCheck = 0500;
				ORGANIZATIONNAME = "Siddharth Sukumar";
				TargetAttributes = {
					D1FEAF37190992A300CA2C34 = {
						TestTargetID = D1FEAF16190992A300CA2C34;
					};
				};
			};
			buildConfigurationList = D1FEAF12190992A300CA2C34 /* Build configuration list for PBXProject "SampleMonsoonProject" */;
			compatibilityVersion = "Xcode 3.2";
			developmentRegion = English;
			hasScannedForEncodings = 0;
			knownRegions = (
				en,
				Base,
			);
			mainGroup = D1FEAF0E190992A300CA2C34;
			productRefGroup = D1FEAF18190992A300CA2C34 /* Products */;
			projectDirPath = "";
			projectRoot = "";
			targets = (
				D1FEAF16190992A300CA2C34 /* SampleMonsoonProject */,
				D1FEAF37190992A300CA2C34 /* SampleMonsoonProjectTests */,
			);
		};
/* End PBXProject section */

/* Begin PBXResourcesBuildPhase section */
		D1FEAF15190992A300CA2C34 /* Resources */ = {
			isa = PBXResourcesBuildPhase;
			buildActionMask = 2147483647;
			files = (
				D1C4810C1909FA7B00241BA7 /* NavBar_middlePart@2x.png in Resources */,
				D1C4810A1909FA0800241BA7 /* NavBar_bottomPart@2x copy 2.png in Resources */,
				D1FEAF6719099F0D00CA2C34 /* MON_calendarIcon@2x.png in Resources */,
				D1FEAF6519099EEC00CA2C34 /* MON_menuIcon@2x.png in Resources */,
				D1C481061909F98300241BA7 /* NavBar_TopPart@2x.png in Resources */,
				D1A32F60190A919900D86A08 /* FirstCell@2x.png in Resources */,
				D1FEAF33190992A300CA2C34 /* Images.xcassets in Resources */,
				D1FEAF6119099E8C00CA2C34 /* MON_searchIcon@2x.png in Resources */,
				D1FEAF6319099EE700CA2C34 /* MON_compassIcon@2x.png in Resources */,
				D1FEAF25190992A300CA2C34 /* InfoPlist.strings in Resources */,
				D1FEAF2E190992A300CA2C34 /* Main.storyboard in Resources */,
			);
			runOnlyForDeploymentPostprocessing = 0;
		};
		D1FEAF36190992A300CA2C34 /* Resources */ = {
			isa = PBXResourcesBuildPhase;
			buildActionMask = 2147483647;
			files = (
				D1FEAF44190992A300CA2C34 /* InfoPlist.strings in Resources */,
			);
			runOnlyForDeploymentPostprocessing = 0;
		};
/* End PBXResourcesBuildPhase section */

/* Begin PBXSourcesBuildPhase section */
		D1FEAF13190992A300CA2C34 /* Sources */ = {
			isa = PBXSourcesBuildPhase;
			buildActionMask = 2147483647;
			files = (
				D1FEAF31190992A300CA2C34 /* ViewController.m in Sources */,
				D1FEAF2B190992A300CA2C34 /* AppDelegate.m in Sources */,
				D1FEAF27190992A300CA2C34 /* main.m in Sources */,
				D1C481021909EE4B00241BA7 /* DisplayViewController.m in Sources */,
				D13A4133190A0D1F00368EE9 /* CustomControl.m in Sources */,
			);
			runOnlyForDeploymentPostprocessing = 0;
		};
		D1FEAF34190992A300CA2C34 /* Sources */ = {
			isa = PBXSourcesBuildPhase;
			buildActionMask = 2147483647;
			files = (
				D1FEAF46190992A300CA2C34 /* SampleMonsoonProjectTests.m in Sources */,
			);
			runOnlyForDeploymentPostprocessing = 0;
		};
/* End PBXSourcesBuildPhase section */

/* Begin PBXTargetDependency section */
		D1FEAF3E190992A300CA2C34 /* PBXTargetDependency */ = {
			isa = PBXTargetDependency;
			target = D1FEAF16190992A300CA2C34 /* SampleMonsoonProject */;
			targetProxy = D1FEAF3D190992A300CA2C34 /* PBXContainerItemProxy */;
		};
/* End PBXTargetDependency section */

/* Begin PBXVariantGroup section */
		D1FEAF23190992A300CA2C34 /* InfoPlist.strings */ = {
			isa = PBXVariantGroup;
			children = (
				D1FEAF24190992A300CA2C34 /* en */,
			);
			name = InfoPlist.strings;
			sourceTree = "<group>";
		};
		D1FEAF2C190992A300CA2C34 /* Main.storyboard */ = {
			isa = PBXVariantGroup;
			children = (
				D1FEAF2D190992A300CA2C34 /* Base */,
			);
			name = Main.storyboard;
			sourceTree = "<group>";
		};
		D1FEAF42190992A300CA2C34 /* InfoPlist.strings */ = {
			isa = PBXVariantGroup;
			children = (
				D1FEAF43190992A300CA2C34 /* en */,
			);
			name = InfoPlist.strings;
			sourceTree = "<group>";
		};
/* End PBXVariantGroup section */

/* Begin XCBuildConfiguration section */
		D1FEAF47190992A400CA2C34 /* Debug */ = {
			isa = XCBuildConfiguration;
			buildSettings = {
				ALWAYS_SEARCH_USER_PATHS = NO;
				ARCHS = "$(ARCHS_STANDARD_INCLUDING_64_BIT)";
				CLANG_CXX_LANGUAGE_STANDARD = "gnu++0x";
				CLANG_CXX_LIBRARY = "libc++";
				CLANG_ENABLE_MODULES = YES;
				CLANG_ENABLE_OBJC_ARC = YES;
				CLANG_WARN_BOOL_CONVERSION = YES;
				CLANG_WARN_CONSTANT_CONVERSION = YES;
				CLANG_WARN_DIRECT_OBJC_ISA_USAGE = YES_ERROR;
				CLANG_WARN_EMPTY_BODY = YES;
				CLANG_WARN_ENUM_CONVERSION = YES;
				CLANG_WARN_INT_CONVERSION = YES;
				CLANG_WARN_OBJC_ROOT_CLASS = YES_ERROR;
				CLANG_WARN__DUPLICATE_METHOD_MATCH = YES;
				"CODE_SIGN_IDENTITY[sdk=iphoneos*]" = "iPhone Developer";
				COPY_PHASE_STRIP = NO;
				GCC_C_LANGUAGE_STANDARD = gnu99;
				GCC_DYNAMIC_NO_PIC = NO;
				GCC_OPTIMIZATION_LEVEL = 0;
				GCC_PREPROCESSOR_DEFINITIONS = (
					"DEBUG=1",
					"$(inherited)",
				);
				GCC_SYMBOLS_PRIVATE_EXTERN = NO;
				GCC_WARN_64_TO_32_BIT_CONVERSION = YES;
				GCC_WARN_ABOUT_RETURN_TYPE = YES_ERROR;
				GCC_WARN_UNDECLARED_SELECTOR = YES;
				GCC_WARN_UNINITIALIZED_AUTOS = YES;
				GCC_WARN_UNUSED_FUNCTION = YES;
				GCC_WARN_UNUSED_VARIABLE = YES;
				IPHONEOS_DEPLOYMENT_TARGET = 7.0;
				ONLY_ACTIVE_ARCH = YES;
				SDKROOT = iphoneos;
			};
			name = Debug;
		};
		D1FEAF48190992A400CA2C34 /* Release */ = {
			isa = XCBuildConfiguration;
			buildSettings = {
				ALWAYS_SEARCH_USER_PATHS = NO;
				ARCHS = "$(ARCHS_STANDARD_INCLUDING_64_BIT)";
				CLANG_CXX_LANGUAGE_STANDARD = "gnu++0x";
				CLANG_CXX_LIBRARY = "libc++";
				CLANG_ENABLE_MODULES = YES;
				CLANG_ENABLE_OBJC_ARC = YES;
				CLANG_WARN_BOOL_CONVERSION = YES;
				CLANG_WARN_CONSTANT_CONVERSION = YES;
				CLANG_WARN_DIRECT_OBJC_ISA_USAGE = YES_ERROR;
				CLANG_WARN_EMPTY_BODY = YES;
				CLANG_WARN_ENUM_CONVERSION = YES;
				CLANG_WARN_INT_CONVERSION = YES;
				CLANG_WARN_OBJC_ROOT_CLASS = YES_ERROR;
				CLANG_WARN__DUPLICATE_METHOD_MATCH = YES;
				"CODE_SIGN_IDENTITY[sdk=iphoneos*]" = "iPhone Developer";
				COPY_PHASE_STRIP = YES;
				ENABLE_NS_ASSERTIONS = NO;
				GCC_C_LANGUAGE_STANDARD = gnu99;
				GCC_WARN_64_TO_32_BIT_CONVERSION = YES;
				GCC_WARN_ABOUT_RETURN_TYPE = YES_ERROR;
				GCC_WARN_UNDECLARED_SELECTOR = YES;
				GCC_WARN_UNINITIALIZED_AUTOS = YES;
				GCC_WARN_UNUSED_FUNCTION = YES;
				GCC_WARN_UNUSED_VARIABLE = YES;
				IPHONEOS_DEPLOYMENT_TARGET = 7.0;
				SDKROOT = iphoneos;
				VALIDATE_PRODUCT = YES;
			};
			name = Release;
		};
		D1FEAF4A190992A400CA2C34 /* Debug */ = {
			isa = XCBuildConfiguration;
			buildSettings = {
				ASSETCATALOG_COMPILER_APPICON_NAME = AppIcon;
				ASSETCATALOG_COMPILER_LAUNCHIMAGE_NAME = LaunchImage;
				GCC_PRECOMPILE_PREFIX_HEADER = YES;
				GCC_PREFIX_HEADER = "SampleMonsoonProject/SampleMonsoonProject-Prefix.pch";
				INFOPLIST_FILE = "SampleMonsoonProject/SampleMonsoonProject-Info.plist";
				PRODUCT_NAME = "$(TARGET_NAME)";
				WRAPPER_EXTENSION = app;
			};
			name = Debug;
		};
		D1FEAF4B190992A400CA2C34 /* Release */ = {
			isa = XCBuildConfiguration;
			buildSettings = {
				ASSETCATALOG_COMPILER_APPICON_NAME = AppIcon;
				ASSETCATALOG_COMPILER_LAUNCHIMAGE_NAME = LaunchImage;
				GCC_PRECOMPILE_PREFIX_HEADER = YES;
				GCC_PREFIX_HEADER = "SampleMonsoonProject/SampleMonsoonProject-Prefix.pch";
				INFOPLIST_FILE = "SampleMonsoonProject/SampleMonsoonProject-Info.plist";
				PRODUCT_NAME = "$(TARGET_NAME)";
				WRAPPER_EXTENSION = app;
			};
			name = Release;
		};
		D1FEAF4D190992A400CA2C34 /* Debug */ = {
			isa = XCBuildConfiguration;
			buildSettings = {
				ARCHS = "$(ARCHS_STANDARD_INCLUDING_64_BIT)";
				BUNDLE_LOADER = "$(BUILT_PRODUCTS_DIR)/SampleMonsoonProject.app/SampleMonsoonProject";
				FRAMEWORK_SEARCH_PATHS = (
					"$(SDKROOT)/Developer/Library/Frameworks",
					"$(inherited)",
					"$(DEVELOPER_FRAMEWORKS_DIR)",
				);
				GCC_PRECOMPILE_PREFIX_HEADER = YES;
				GCC_PREFIX_HEADER = "SampleMonsoonProject/SampleMonsoonProject-Prefix.pch";
				GCC_PREPROCESSOR_DEFINITIONS = (
					"DEBUG=1",
					"$(inherited)",
				);
				INFOPLIST_FILE = "SampleMonsoonProjectTests/SampleMonsoonProjectTests-Info.plist";
				PRODUCT_NAME = "$(TARGET_NAME)";
				TEST_HOST = "$(BUNDLE_LOADER)";
				WRAPPER_EXTENSION = xctest;
			};
			name = Debug;
		};
		D1FEAF4E190992A400CA2C34 /* Release */ = {
			isa = XCBuildConfiguration;
			buildSettings = {
				ARCHS = "$(ARCHS_STANDARD_INCLUDING_64_BIT)";
				BUNDLE_LOADER = "$(BUILT_PRODUCTS_DIR)/SampleMonsoonProject.app/SampleMonsoonProject";
				FRAMEWORK_SEARCH_PATHS = (
					"$(SDKROOT)/Developer/Library/Frameworks",
					"$(inherited)",
					"$(DEVELOPER_FRAMEWORKS_DIR)",
				);
				GCC_PRECOMPILE_PREFIX_HEADER = YES;
				GCC_PREFIX_HEADER = "SampleMonsoonProject/SampleMonsoonProject-Prefix.pch";
				INFOPLIST_FILE = "SampleMonsoonProjectTests/SampleMonsoonProjectTests-Info.plist";
				PRODUCT_NAME = "$(TARGET_NAME)";
				TEST_HOST = "$(BUNDLE_LOADER)";
				WRAPPER_EXTENSION = xctest;
			};
			name = Release;
		};
/* End XCBuildConfiguration section */

/* Begin XCConfigurationList section */
		D1FEAF12190992A300CA2C34 /* Build configuration list for PBXProject "SampleMonsoonProject" */ = {
			isa = XCConfigurationList;
			buildConfigurations = (
				D1FEAF47190992A400CA2C34 /* Debug */,
				D1FEAF48190992A400CA2C34 /* Release */,
			);
			defaultConfigurationIsVisible = 0;
			defaultConfigurationName = Release;
		};
		D1FEAF49190992A400CA2C34 /* Build configuration list for PBXNativeTarget "SampleMonsoonProject" */ = {
			isa = XCConfigurationList;
			buildConfigurations = (
				D1FEAF4A190992A400CA2C34 /* Debug */,
				D1FEAF4B190992A400CA2C34 /* Release */,
			);
			defaultConfigurationIsVisible = 0;
			defaultConfigurationName = Release;
		};
		D1FEAF4C190992A400CA2C34 /* Build configuration list for PBXNativeTarget "SampleMonsoonProjectTests" */ = {
			isa = XCConfigurationList;
			buildConfigurations = (
				D1FEAF4D190992A400CA2C34 /* Debug */,
				D1FEAF4E190992A400CA2C34 /* Release */,
			);
			defaultConfigurationIsVisible = 0;
			defaultConfigurationName = Release;
		};
/* End XCConfigurationList section */
	};
	rootObject = D1FEAF0F190992A300CA2C34 /* Project object */;
}
